
Microsoft Visual Studio Solution File, Format Version 12.00
# Visual Studio Version 17
VisualStudioVersion = 17.7.34003.232
MinimumVisualStudioVersion = 10.0.40219.1
Project("{FAE04EC0-301F-11D3-BF4B-00C04F79EFBC}") = "DeskBooker.Core.Tests", "DeskBooker.Core.Tests.csproj", "{4F22EAB5-BCBD-4995-B588-5DE794F44224}"
EndProject
Project("{FAE04EC0-301F-11D3-BF4B-00C04F79EFBC}") = "DeskBooker.Core", "..\DeskBooker.Core\DeskBooker.Core.csproj", "{945EDC2D-8CD5-4578-906A-C4FDCCA73CC7}"
EndProject
Global
	GlobalSection(SolutionConfigurationPlatforms) = preSolution
		Debug|Any CPU = Debug|Any CPU
		Release|Any CPU = Release|Any CPU
	EndGlobalSection
	GlobalSection(ProjectConfigurationPlatforms) = postSolution
		{4F22EAB5-BCBD-4995-B588-5DE794F44224}.Debug|Any CPU.ActiveCfg = Debug|Any CPU
		{4F22EAB5-BCBD-4995-B588-5DE794F44224}.Debug|Any CPU.Build.0 = Debug|Any CPU
		{4F22EAB5-BCBD-4995-B588-5DE794F44224}.Release|Any CPU.ActiveCfg = Release|Any CPU
		{4F22EAB5-BCBD-4995-B588-5DE794F44224}.Release|Any CPU.Build.0 = Release|Any CPU
		{945EDC2D-8CD5-4578-906A-C4FDCCA73CC7}.Debug|Any CPU.ActiveCfg = Debug|Any CPU
		{945EDC2D-8CD5-4578-906A-C4FDCCA73CC7}.Debug|Any CPU.Build.0 = Debug|Any CPU
		{945EDC2D-8CD5-4578-906A-C4FDCCA73CC7}.Release|Any CPU.ActiveCfg = Release|Any CPU
		{945EDC2D-8CD5-4578-906A-C4FDCCA73CC7}.Release|Any CPU.Build.0 = Release|Any CPU
	EndGlobalSection
	GlobalSection(SolutionProperties) = preSolution
		HideSolutionNode = FALSE
	EndGlobalSection
	GlobalSection(ExtensibilityGlobals) = postSolution
		SolutionGuid = {D81F91E0-6727-4FC8-B2B6-891C9B2F07FB}
	EndGlobalSection
EndGlobal
